
Microsoft Visual Studio Solution File, Format Version 12.00
# Visual Studio 15
VisualStudioVersion = 15.0.28010.2048
MinimumVisualStudioVersion = 10.0.40219.1
Project("{FAE04EC0-301F-11D3-BF4B-00C04F79EFBC}") = "Fashion", "Fashion\Fashion.csproj", "{1C473010-753E-4534-A969-318869A876D5}"
EndProject
Global
	GlobalSection(SolutionConfigurationPlatforms) = preSolution
		Debug|Any CPU = Debug|Any CPU
		Release|Any CPU = Release|Any CPU
	EndGlobalSection
	GlobalSection(ProjectConfigurationPlatforms) = postSolution
		{1C473010-753E-4534-A969-318869A876D5}.Debug|Any CPU.ActiveCfg = Debug|Any CPU
		{1C473010-753E-4534-A969-318869A876D5}.Debug|Any CPU.Build.0 = Debug|Any CPU
		{1C473010-753E-4534-A969-318869A876D5}.Release|Any CPU.ActiveCfg = Release|Any CPU
		{1C473010-753E-4534-A969-318869A876D5}.Release|Any CPU.Build.0 = Release|Any CPU
	EndGlobalSection
	GlobalSection(SolutionProperties) = preSolution
		HideSolutionNode = FALSE
	EndGlobalSection
	GlobalSection(ExtensibilityGlobals) = postSolution
		SolutionGuid = {8A6DA382-49F6-4049-82D4-3B6A1E926B13}
	EndGlobalSection
EndGlobal
